
Microsoft Visual Studio Solution File, Format Version 12.00
# Visual Studio Version 16
VisualStudioVersion = 16.0.29509.3
MinimumVisualStudioVersion = 10.0.40219.1
Project("{F184B08F-C81C-45F6-A57F-5ABD9991F28F}") = "Calculator", "Calculator\Calculator.vbproj", "{FC2D9B82-A9FC-4BB0-ACE9-8E0DA69F2EC2}"
EndProject
Global
	GlobalSection(SolutionConfigurationPlatforms) = preSolution
		Debug|Any CPU = Debug|Any CPU
		Release|Any CPU = Release|Any CPU
	EndGlobalSection
	GlobalSection(ProjectConfigurationPlatforms) = postSolution
		{FC2D9B82-A9FC-4BB0-ACE9-8E0DA69F2EC2}.Debug|Any CPU.ActiveCfg = Debug|Any CPU
		{FC2D9B82-A9FC-4BB0-ACE9-8E0DA69F2EC2}.Debug|Any CPU.Build.0 = Debug|Any CPU
		{FC2D9B82-A9FC-4BB0-ACE9-8E0DA69F2EC2}.Release|Any CPU.ActiveCfg = Release|Any CPU
		{FC2D9B82-A9FC-4BB0-ACE9-8E0DA69F2EC2}.Release|Any CPU.Build.0 = Release|Any CPU
	EndGlobalSection
	GlobalSection(SolutionProperties) = preSolution
		HideSolutionNode = FALSE
	EndGlobalSection
	GlobalSection(ExtensibilityGlobals) = postSolution
		SolutionGuid = {2E9B4B26-6D35-46BA-AFC0-7D42B02DC615}
	EndGlobalSection
EndGlobal
